
Microsoft Visual Studio Solution File, Format Version 12.00
# Visual Studio Version 16
VisualStudioVersion = 16.0.29613.14
MinimumVisualStudioVersion = 10.0.40219.1
Project("{FAE04EC0-301F-11D3-BF4B-00C04F79EFBC}") = "FissaBissa", "FissaBissa\FissaBissa.csproj", "{1EBEC68D-D6CD-4B80-B3D1-C045663BE379}"
EndProject
Global
	GlobalSection(SolutionConfigurationPlatforms) = preSolution
		Debug|Any CPU = Debug|Any CPU
		Release|Any CPU = Release|Any CPU
	EndGlobalSection
	GlobalSection(ProjectConfigurationPlatforms) = postSolution
		{1EBEC68D-D6CD-4B80-B3D1-C045663BE379}.Debug|Any CPU.ActiveCfg = Debug|Any CPU
		{1EBEC68D-D6CD-4B80-B3D1-C045663BE379}.Debug|Any CPU.Build.0 = Debug|Any CPU
		{1EBEC68D-D6CD-4B80-B3D1-C045663BE379}.Release|Any CPU.ActiveCfg = Release|Any CPU
		{1EBEC68D-D6CD-4B80-B3D1-C045663BE379}.Release|Any CPU.Build.0 = Release|Any CPU
	EndGlobalSection
	GlobalSection(SolutionProperties) = preSolution
		HideSolutionNode = FALSE
	EndGlobalSection
	GlobalSection(ExtensibilityGlobals) = postSolution
		SolutionGuid = {0507EFC3-35A2-46FE-9787-8DCF0FA7DF46}
	EndGlobalSection
EndGlobal
